
Microsoft Visual Studio Solution File, Format Version 12.00
# Visual Studio Version 16
VisualStudioVersion = 16.0.29503.13
MinimumVisualStudioVersion = 10.0.40219.1
Project("{FAE04EC0-301F-11D3-BF4B-00C04F79EFBC}") = "Lykke.Nethereum.Extension", "src\Lykke.Nethereum.Extension\Lykke.Nethereum.Extension.csproj", "{D5098D7E-BA47-48B7-A86C-5C77DD74D75F}"
EndProject
Project("{FAE04EC0-301F-11D3-BF4B-00C04F79EFBC}") = "Lykke.Nethereum.Extension.Tests", "tests\Lykke.Nethereum.Extension.Tests\Lykke.Nethereum.Extension.Tests.csproj", "{486955A6-BD87-4B57-8044-F0A905CC2A77}"
EndProject
Project("{2150E333-8FDC-42A3-9474-1A3956D46DE8}") = "01. Source", "01. Source", "{4F89431F-7D31-4FD5-A489-139C409A90BE}"
EndProject
Project("{2150E333-8FDC-42A3-9474-1A3956D46DE8}") = "02. Tests", "02. Tests", "{EEF705E5-ACB4-4B88-B7DF-2D720CE289F6}"
EndProject
Project("{2150E333-8FDC-42A3-9474-1A3956D46DE8}") = "Solution Items", "Solution Items", "{A0BE30D9-8B03-4C59-858A-A14FAA3C56B5}"
	ProjectSection(SolutionItems) = preProject
		README.md = README.md
	EndProjectSection
EndProject
Global
	GlobalSection(SolutionConfigurationPlatforms) = preSolution
		Debug|Any CPU = Debug|Any CPU
		Release|Any CPU = Release|Any CPU
	EndGlobalSection
	GlobalSection(ProjectConfigurationPlatforms) = postSolution
		{D5098D7E-BA47-48B7-A86C-5C77DD74D75F}.Debug|Any CPU.ActiveCfg = Debug|Any CPU
		{D5098D7E-BA47-48B7-A86C-5C77DD74D75F}.Debug|Any CPU.Build.0 = Debug|Any CPU
		{D5098D7E-BA47-48B7-A86C-5C77DD74D75F}.Release|Any CPU.ActiveCfg = Release|Any CPU
		{D5098D7E-BA47-48B7-A86C-5C77DD74D75F}.Release|Any CPU.Build.0 = Release|Any CPU
		{486955A6-BD87-4B57-8044-F0A905CC2A77}.Debug|Any CPU.ActiveCfg = Debug|Any CPU
		{486955A6-BD87-4B57-8044-F0A905CC2A77}.Debug|Any CPU.Build.0 = Debug|Any CPU
		{486955A6-BD87-4B57-8044-F0A905CC2A77}.Release|Any CPU.ActiveCfg = Release|Any CPU
		{486955A6-BD87-4B57-8044-F0A905CC2A77}.Release|Any CPU.Build.0 = Release|Any CPU
	EndGlobalSection
	GlobalSection(SolutionProperties) = preSolution
		HideSolutionNode = FALSE
	EndGlobalSection
	GlobalSection(NestedProjects) = preSolution
		{D5098D7E-BA47-48B7-A86C-5C77DD74D75F} = {4F89431F-7D31-4FD5-A489-139C409A90BE}
		{486955A6-BD87-4B57-8044-F0A905CC2A77} = {EEF705E5-ACB4-4B88-B7DF-2D720CE289F6}
	EndGlobalSection
	GlobalSection(ExtensibilityGlobals) = postSolution
		SolutionGuid = {D696F7A5-8778-4732-B0F5-551A26ECD907}
	EndGlobalSection
EndGlobal
